
Microsoft Visual Studio Solution File, Format Version 12.00
# Visual Studio Version 17
VisualStudioVersion = 17.13.35818.85 d17.13
MinimumVisualStudioVersion = 10.0.40219.1
Project("{FAE04EC0-301F-11D3-BF4B-00C04F79EFBC}") = "EmployeeCRUD", "EmployeeCRUD.csproj", "{AD76E554-981E-40EC-91FD-96983DCBAEAA}"
EndProject
Global
	GlobalSection(SolutionConfigurationPlatforms) = preSolution
		Debug|Any CPU = Debug|Any CPU
		Release|Any CPU = Release|Any CPU
	EndGlobalSection
	GlobalSection(ProjectConfigurationPlatforms) = postSolution
		{AD76E554-981E-40EC-91FD-96983DCBAEAA}.Debug|Any CPU.ActiveCfg = Debug|Any CPU
		{AD76E554-981E-40EC-91FD-96983DCBAEAA}.Debug|Any CPU.Build.0 = Debug|Any CPU
		{AD76E554-981E-40EC-91FD-96983DCBAEAA}.Release|Any CPU.ActiveCfg = Release|Any CPU
		{AD76E554-981E-40EC-91FD-96983DCBAEAA}.Release|Any CPU.Build.0 = Release|Any CPU
	EndGlobalSection
	GlobalSection(SolutionProperties) = preSolution
		HideSolutionNode = FALSE
	EndGlobalSection
	GlobalSection(ExtensibilityGlobals) = postSolution
		SolutionGuid = {7C964BF7-42E1-4B5E-B503-8E75D2A3521C}
	EndGlobalSection
EndGlobal
